
Microsoft Visual Studio Solution File, Format Version 12.00
# Visual Studio 15
VisualStudioVersion = 15.0.28307.779
MinimumVisualStudioVersion = 10.0.40219.1
Project("{FAE04EC0-301F-11D3-BF4B-00C04F79EFBC}") = "TennisPlayer.Api", "TennisPlayerApi\TennisPlayer.Api.csproj", "{490652BB-A76D-4364-BBE3-4C123F2E8A56}"
EndProject
Project("{FAE04EC0-301F-11D3-BF4B-00C04F79EFBC}") = "TennisPlayer.Api.test", "TennisPlayer.Api.test\TennisPlayer.Api.test.csproj", "{A2816DF3-AF05-4AFD-A345-AA268597DC3A}"
EndProject
Global
	GlobalSection(SolutionConfigurationPlatforms) = preSolution
		Debug|Any CPU = Debug|Any CPU
		Release|Any CPU = Release|Any CPU
	EndGlobalSection
	GlobalSection(ProjectConfigurationPlatforms) = postSolution
		{490652BB-A76D-4364-BBE3-4C123F2E8A56}.Debug|Any CPU.ActiveCfg = Debug|Any CPU
		{490652BB-A76D-4364-BBE3-4C123F2E8A56}.Debug|Any CPU.Build.0 = Debug|Any CPU
		{490652BB-A76D-4364-BBE3-4C123F2E8A56}.Release|Any CPU.ActiveCfg = Release|Any CPU
		{490652BB-A76D-4364-BBE3-4C123F2E8A56}.Release|Any CPU.Build.0 = Release|Any CPU
		{A2816DF3-AF05-4AFD-A345-AA268597DC3A}.Debug|Any CPU.ActiveCfg = Debug|Any CPU
		{A2816DF3-AF05-4AFD-A345-AA268597DC3A}.Debug|Any CPU.Build.0 = Debug|Any CPU
		{A2816DF3-AF05-4AFD-A345-AA268597DC3A}.Release|Any CPU.ActiveCfg = Release|Any CPU
		{A2816DF3-AF05-4AFD-A345-AA268597DC3A}.Release|Any CPU.Build.0 = Release|Any CPU
	EndGlobalSection
	GlobalSection(SolutionProperties) = preSolution
		HideSolutionNode = FALSE
	EndGlobalSection
	GlobalSection(ExtensibilityGlobals) = postSolution
		SolutionGuid = {AD64F2D0-ED52-479D-AF54-3F9CA581F216}
	EndGlobalSection
EndGlobal
